// !$*UTF8*$!
{
	archiveVersion = 1;
	classes = {
	};
	objectVersion = 46;
	objects = {

/* Begin PBXBuildFile section */
		0971B64F28F45972008B71E2 /* TileState.cpp in Sources */ = {isa = PBXBuildFile; fileRef = 0971B5D928F45970008B71E2 /* TileState.cpp */; };
		0971B65028F45972008B71E2 /* Part_SynthesizerState.cpp in Sources */ = {isa = PBXBuildFile; fileRef = 0971B5DC28F45970008B71E2 /* Part_SynthesizerState.cpp */; };
		0971B65128F45972008B71E2 /* MainViewer_CellMakingViewer.cpp in Sources */ = {isa = PBXBuildFile; fileRef = 0971B5DD28F45970008B71E2 /* MainViewer_CellMakingViewer.cpp */; };
		0971B65228F45972008B71E2 /* Rigidbody.cpp in Sources */ = {isa = PBXBuildFile; fileRef = 0971B5E028F45970008B71E2 /* Rigidbody.cpp */; };
		0971B65328F45972008B71E2 /* Part_WingState.cpp in Sources */ = {isa = PBXBuildFile; fileRef = 0971B5E228F45970008B71E2 /* Part_WingState.cpp */; };
		0971B65428F45972008B71E2 /* Part_PoisonerState.cpp in Sources */ = {isa = PBXBuildFile; fileRef = 0971B5E428F45970008B71E2 /* Part_PoisonerState.cpp */; };
		0971B65528F45972008B71E2 /* EggState.cpp in Sources */ = {isa = PBXBuildFile; fileRef = 0971B5E728F45970008B71E2 /* EggState.cpp */; };
		0971B65628F45972008B71E2 /* CellState.cpp in Sources */ = {isa = PBXBuildFile; fileRef = 0971B5E928F45970008B71E2 /* CellState.cpp */; };
		0971B65728F45972008B71E2 /* Part_PoisonerAsset.cpp in Sources */ = {isa = PBXBuildFile; fileRef = 0971B5EB28F45970008B71E2 /* Part_PoisonerAsset.cpp */; };
		0971B65828F45972008B71E2 /* Particle.cpp in Sources */ = {isa = PBXBuildFile; fileRef = 0971B5ED28F45970008B71E2 /* Particle.cpp */; };
		0971B65928F45972008B71E2 /* TitleViewer.cpp in Sources */ = {isa = PBXBuildFile; fileRef = 0971B5F028F45970008B71E2 /* TitleViewer.cpp */; };
		0971B65A28F45972008B71E2 /* Part_WingAsset.cpp in Sources */ = {isa = PBXBuildFile; fileRef = 0971B5F128F45970008B71E2 /* Part_WingAsset.cpp */; };
		0971B65B28F45972008B71E2 /* Part_NucleusState.cpp in Sources */ = {isa = PBXBuildFile; fileRef = 0971B5F428F45970008B71E2 /* Part_NucleusState.cpp */; };
		0971B65C28F45972008B71E2 /* EditorViewer.cpp in Sources */ = {isa = PBXBuildFile; fileRef = 0971B5F728F45971008B71E2 /* EditorViewer.cpp */; };
		0971B65D28F45972008B71E2 /* Part_BodyAsset.cpp in Sources */ = {isa = PBXBuildFile; fileRef = 0971B5F828F45971008B71E2 /* Part_BodyAsset.cpp */; };
		0971B65E28F45972008B71E2 /* MainViewer_CellMakingViewer_BodySculptor_Workspace.cpp in Sources */ = {isa = PBXBuildFile; fileRef = 0971B5F928F45971008B71E2 /* MainViewer_CellMakingViewer_BodySculptor_Workspace.cpp */; };
		0971B65F28F45972008B71E2 /* PartAsset.cpp in Sources */ = {isa = PBXBuildFile; fileRef = 0971B5FB28F45971008B71E2 /* PartAsset.cpp */; };
		0971B66028F45972008B71E2 /* Part_DepoisonerState.cpp in Sources */ = {isa = PBXBuildFile; fileRef = 0971B5FC28F45971008B71E2 /* Part_DepoisonerState.cpp */; };
		0971B66128F45972008B71E2 /* CellAsset_Log.cpp in Sources */ = {isa = PBXBuildFile; fileRef = 0971B5FE28F45971008B71E2 /* CellAsset_Log.cpp */; };
		0971B66228F45972008B71E2 /* MainViewer_CommandPalette.cpp in Sources */ = {isa = PBXBuildFile; fileRef = 0971B60028F45971008B71E2 /* MainViewer_CommandPalette.cpp */; };
		0971B66328F45972008B71E2 /* MainViewer_CellMakingViewer_BodySculptor_ColorSelector.cpp in Sources */ = {isa = PBXBuildFile; fileRef = 0971B60128F45971008B71E2 /* MainViewer_CellMakingViewer_BodySculptor_ColorSelector.cpp */; };
		0971B66428F45972008B71E2 /* PartConfig.cpp in Sources */ = {isa = PBXBuildFile; fileRef = 0971B60228F45971008B71E2 /* PartConfig.cpp */; };
		0971B66528F45972008B71E2 /* Part_BodyState.cpp in Sources */ = {isa = PBXBuildFile; fileRef = 0971B60328F45971008B71E2 /* Part_BodyState.cpp */; };
		0971B66628F45972008B71E2 /* MainViewer_FieldViewer_ReleaseViewer.cpp in Sources */ = {isa = PBXBuildFile; fileRef = 0971B60528F45971008B71E2 /* MainViewer_FieldViewer_ReleaseViewer.cpp */; };
		0971B66728F45972008B71E2 /* MainViewer_CellMakingViewer_PartsAssembler_Workspace.cpp in Sources */ = {isa = PBXBuildFile; fileRef = 0971B60628F45971008B71E2 /* MainViewer_CellMakingViewer_PartsAssembler_Workspace.cpp */; };
		0971B66828F45972008B71E2 /* Part_SynthesizerAsset.cpp in Sources */ = {isa = PBXBuildFile; fileRef = 0971B60828F45971008B71E2 /* Part_SynthesizerAsset.cpp */; };
		0971B66928F45972008B71E2 /* Part_NeedleAsset.cpp in Sources */ = {isa = PBXBuildFile; fileRef = 0971B60928F45971008B71E2 /* Part_NeedleAsset.cpp */; };
		0971B66A28F45972008B71E2 /* TitleViewer_WorldGenerator.cpp in Sources */ = {isa = PBXBuildFile; fileRef = 0971B60C28F45971008B71E2 /* TitleViewer_WorldGenerator.cpp */; };
		0971B66B28F45972008B71E2 /* Part_NucleusAsset.cpp in Sources */ = {isa = PBXBuildFile; fileRef = 0971B61028F45971008B71E2 /* Part_NucleusAsset.cpp */; };
		0971B66C28F45972008B71E2 /* EditorViewer_AssetViewer.cpp in Sources */ = {isa = PBXBuildFile; fileRef = 0971B61228F45971008B71E2 /* EditorViewer_AssetViewer.cpp */; };
		0971B66D28F45972008B71E2 /* Object.cpp in Sources */ = {isa = PBXBuildFile; fileRef = 0971B61328F45971008B71E2 /* Object.cpp */; };
		0971B66E28F45972008B71E2 /* MainViewer_CellAssetViewer.cpp in Sources */ = {isa = PBXBuildFile; fileRef = 0971B61528F45971008B71E2 /* MainViewer_CellAssetViewer.cpp */; };
		0971B66F28F45972008B71E2 /* MainViewer_CellMakingViewer_CellInfo.cpp in Sources */ = {isa = PBXBuildFile; fileRef = 0971B61728F45971008B71E2 /* MainViewer_CellMakingViewer_CellInfo.cpp */; };
		0971B67028F45972008B71E2 /* Part_EyeAsset.cpp in Sources */ = {isa = PBXBuildFile; fileRef = 0971B61828F45971008B71E2 /* Part_EyeAsset.cpp */; };
		0971B67128F45972008B71E2 /* MainViewer_FieldViewer_CellStateCaptureViewer.cpp in Sources */ = {isa = PBXBuildFile; fileRef = 0971B61A28F45971008B71E2 /* MainViewer_FieldViewer_CellStateCaptureViewer.cpp */; };
		0971B67228F45972008B71E2 /* World.cpp in Sources */ = {isa = PBXBuildFile; fileRef = 0971B61B28F45971008B71E2 /* World.cpp */; };
		0971B67328F45972008B71E2 /* MainViewer_FieldViewer.cpp in Sources */ = {isa = PBXBuildFile; fileRef = 0971B61D28F45971008B71E2 /* MainViewer_FieldViewer.cpp */; };
		0971B67428F45972008B71E2 /* EditorViewer_AssetList.cpp in Sources */ = {isa = PBXBuildFile; fileRef = 0971B61E28F45971008B71E2 /* EditorViewer_AssetList.cpp */; };
		0971B67528F45972008B71E2 /* Part_NeedleState.cpp in Sources */ = {isa = PBXBuildFile; fileRef = 0971B61F28F45971008B71E2 /* Part_NeedleState.cpp */; };
		0971B67628F45972008B71E2 /* Part_EyeState.cpp in Sources */ = {isa = PBXBuildFile; fileRef = 0971B62528F45971008B71E2 /* Part_EyeState.cpp */; };
		0971B67728F45972008B71E2 /* MainViewer_CellBook.cpp in Sources */ = {isa = PBXBuildFile; fileRef = 0971B62A28F45971008B71E2 /* MainViewer_CellBook.cpp */; };
		0971B67828F45972008B71E2 /* MainViewer_CellAssetViewer_CellStateViewer.cpp in Sources */ = {isa = PBXBuildFile; fileRef = 0971B62B28F45971008B71E2 /* MainViewer_CellAssetViewer_CellStateViewer.cpp */; };
		0971B67928F45972008B71E2 /* MainViewer_CellMakingViewer_PartsAssembler.cpp in Sources */ = {isa = PBXBuildFile; fileRef = 0971B62D28F45972008B71E2 /* MainViewer_CellMakingViewer_PartsAssembler.cpp */; };
		0971B67A28F45972008B71E2 /* MainViewer_CellMakingViewer_BodySculptor.cpp in Sources */ = {isa = PBXBuildFile; fileRef = 0971B62E28F45972008B71E2 /* MainViewer_CellMakingViewer_BodySculptor.cpp */; };
		0971B67B28F45972008B71E2 /* MainViewer.cpp in Sources */ = {isa = PBXBuildFile; fileRef = 0971B63028F45972008B71E2 /* MainViewer.cpp */; };
		0971B67C28F45972008B71E2 /* PartState.cpp in Sources */ = {isa = PBXBuildFile; fileRef = 0971B63128F45972008B71E2 /* PartState.cpp */; };
		0971B67D28F45972008B71E2 /* Asset.cpp in Sources */ = {isa = PBXBuildFile; fileRef = 0971B63328F45972008B71E2 /* Asset.cpp */; };
		0971B67E28F45972008B71E2 /* Asset_Editor.cpp in Sources */ = {isa = PBXBuildFile; fileRef = 0971B63428F45972008B71E2 /* Asset_Editor.cpp */; };
		0971B67F28F45972008B71E2 /* Shape.cpp in Sources */ = {isa = PBXBuildFile; fileRef = 0971B63528F45972008B71E2 /* Shape.cpp */; };
		0971B68028F45972008B71E2 /* Storage.cpp in Sources */ = {isa = PBXBuildFile; fileRef = 0971B63628F45972008B71E2 /* Storage.cpp */; };
		0971B68128F45972008B71E2 /* stdafx.cpp in Sources */ = {isa = PBXBuildFile; fileRef = 0971B63928F45972008B71E2 /* stdafx.cpp */; };
		0971B68228F45972008B71E2 /* MainViewer_CellMakingViewer_PartsAssembler_PartList.cpp in Sources */ = {isa = PBXBuildFile; fileRef = 0971B63A28F45972008B71E2 /* MainViewer_CellMakingViewer_PartsAssembler_PartList.cpp */; };
		0971B68328F45972008B71E2 /* Part_DepoisonerAsset.cpp in Sources */ = {isa = PBXBuildFile; fileRef = 0971B63C28F45972008B71E2 /* Part_DepoisonerAsset.cpp */; };
		0971B68428F45972008B71E2 /* MainViewer_StatisticsViewer.cpp in Sources */ = {isa = PBXBuildFile; fileRef = 0971B63D28F45972008B71E2 /* MainViewer_StatisticsViewer.cpp */; };
		0971B68528F45972008B71E2 /* ProteinAsset_Editor.cpp in Sources */ = {isa = PBXBuildFile; fileRef = 0971B64128F45972008B71E2 /* ProteinAsset_Editor.cpp */; };
		0971B68628F45972008B71E2 /* ProteinAsset.cpp in Sources */ = {isa = PBXBuildFile; fileRef = 0971B64228F45972008B71E2 /* ProteinAsset.cpp */; };
		0971B68728F45972008B71E2 /* CellAsset.cpp in Sources */ = {isa = PBXBuildFile; fileRef = 0971B64328F45972008B71E2 /* CellAsset.cpp */; };
		0971B68828F45972008B71E2 /* MainViewer_CellBook_Item.cpp in Sources */ = {isa = PBXBuildFile; fileRef = 0971B64528F45972008B71E2 /* MainViewer_CellBook_Item.cpp */; };
		0971B68928F45972008B71E2 /* Layer.cpp in Sources */ = {isa = PBXBuildFile; fileRef = 0971B64628F45972008B71E2 /* Layer.cpp */; };
		0971B68A28F45972008B71E2 /* MainViewer_CellMakingViewer_PartsAssembler_Workspace_TrashBox.cpp in Sources */ = {isa = PBXBuildFile; fileRef = 0971B64728F45972008B71E2 /* MainViewer_CellMakingViewer_PartsAssembler_Workspace_TrashBox.cpp */; };
		0971B68B28F45972008B71E2 /* Main.cpp in Sources */ = {isa = PBXBuildFile; fileRef = 0971B64B28F45972008B71E2 /* Main.cpp */; };
		0971B68C28F45972008B71E2 /* World_makeModel.cpp in Sources */ = {isa = PBXBuildFile; fileRef = 0971B64D28F45972008B71E2 /* World_makeModel.cpp */; };
		2C1778A31CE0B65500BB8AD0 /* icon.icns in Resources */ = {isa = PBXBuildFile; fileRef = 2C1778A21CE0B65500BB8AD0 /* icon.icns */; };
		2C5C46DD26B4F00D005E8C85 /* libcurl.tbd in Frameworks */ = {isa = PBXBuildFile; fileRef = 2C5C46DC26B4F00D005E8C85 /* libcurl.tbd */; };
		2C5C46DF26B4F014005E8C85 /* AudioToolbox.framework in Frameworks */ = {isa = PBXBuildFile; fileRef = 2C5C46DE26B4F014005E8C85 /* AudioToolbox.framework */; };
		2C5C46E126B4F01C005E8C85 /* AVFoundation.framework in Frameworks */ = {isa = PBXBuildFile; fileRef = 2C5C46E026B4F01C005E8C85 /* AVFoundation.framework */; };
		2C5C46E326B4F023005E8C85 /* CoreAudio.framework in Frameworks */ = {isa = PBXBuildFile; fileRef = 2C5C46E226B4F023005E8C85 /* CoreAudio.framework */; };
		2C5C46E526B4F02A005E8C85 /* CoreMedia.framework in Frameworks */ = {isa = PBXBuildFile; fileRef = 2C5C46E426B4F02A005E8C85 /* CoreMedia.framework */; };
		2C5C46E726B4F034005E8C85 /* libSiv3D.a in Frameworks */ = {isa = PBXBuildFile; fileRef = 2C5C46E626B4F034005E8C85 /* libSiv3D.a */; };
		2C5C46EB26B4F04D005E8C85 /* libfreetype.a in Frameworks */ = {isa = PBXBuildFile; fileRef = 2C5C46EA26B4F04D005E8C85 /* libfreetype.a */; };
		2C5C46ED26B4F056005E8C85 /* libharfbuzz.a in Frameworks */ = {isa = PBXBuildFile; fileRef = 2C5C46EC26B4F056005E8C85 /* libharfbuzz.a */; };
		2C5C46EF26B4F05B005E8C85 /* liblibgif.a in Frameworks */ = {isa = PBXBuildFile; fileRef = 2C5C46EE26B4F05B005E8C85 /* liblibgif.a */; };
		2C5C46F126B4F065005E8C85 /* libturbojpeg.a in Frameworks */ = {isa = PBXBuildFile; fileRef = 2C5C46F026B4F065005E8C85 /* libturbojpeg.a */; };
		2C5C46F326B4F069005E8C85 /* libogg.a in Frameworks */ = {isa = PBXBuildFile; fileRef = 2C5C46F226B4F069005E8C85 /* libogg.a */; };
		2C5C46F526B4F06D005E8C85 /* libpng16.a in Frameworks */ = {isa = PBXBuildFile; fileRef = 2C5C46F426B4F06D005E8C85 /* libpng16.a */; };
		2C5C46F726B4F071005E8C85 /* libtiff.a in Frameworks */ = {isa = PBXBuildFile; fileRef = 2C5C46F626B4F071005E8C85 /* libtiff.a */; };
		2C5C46FB26B4F076005E8C85 /* libvorbisfile.a in Frameworks */ = {isa = PBXBuildFile; fileRef = 2C5C46F826B4F076005E8C85 /* libvorbisfile.a */; };
		2C5C46FC26B4F076005E8C85 /* libvorbisenc.a in Frameworks */ = {isa = PBXBuildFile; fileRef = 2C5C46F926B4F076005E8C85 /* libvorbisenc.a */; };
		2C5C46FD26B4F076005E8C85 /* libvorbis.a in Frameworks */ = {isa = PBXBuildFile; fileRef = 2C5C46FA26B4F076005E8C85 /* libvorbis.a */; };
		2C5C46FF26B4F07D005E8C85 /* libwebp.a in Frameworks */ = {isa = PBXBuildFile; fileRef = 2C5C46FE26B4F07D005E8C85 /* libwebp.a */; };
		2C5C470626B4F084005E8C85 /* libopencv_imgcodecs.a in Frameworks */ = {isa = PBXBuildFile; fileRef = 2C5C470026B4F083005E8C85 /* libopencv_imgcodecs.a */; };
		2C5C470726B4F084005E8C85 /* libopencv_objdetect.a in Frameworks */ = {isa = PBXBuildFile; fileRef = 2C5C470126B4F083005E8C85 /* libopencv_objdetect.a */; };
		2C5C470826B4F084005E8C85 /* libopencv_imgproc.a in Frameworks */ = {isa = PBXBuildFile; fileRef = 2C5C470226B4F083005E8C85 /* libopencv_imgproc.a */; };
		2C5C470926B4F084005E8C85 /* libopencv_core.a in Frameworks */ = {isa = PBXBuildFile; fileRef = 2C5C470326B4F083005E8C85 /* libopencv_core.a */; };
		2C5C470A26B4F084005E8C85 /* libopencv_photo.a in Frameworks */ = {isa = PBXBuildFile; fileRef = 2C5C470426B4F083005E8C85 /* libopencv_photo.a */; };
		2C5C470B26B4F084005E8C85 /* libopencv_videoio.a in Frameworks */ = {isa = PBXBuildFile; fileRef = 2C5C470526B4F083005E8C85 /* libopencv_videoio.a */; };
		2C5C470E26B4F08A005E8C85 /* libopusfile.a in Frameworks */ = {isa = PBXBuildFile; fileRef = 2C5C470C26B4F08A005E8C85 /* libopusfile.a */; };
		2C5C470F26B4F08A005E8C85 /* libopus.a in Frameworks */ = {isa = PBXBuildFile; fileRef = 2C5C470D26B4F08A005E8C85 /* libopus.a */; };
		2C5C471126B4F08E005E8C85 /* libzlib.a in Frameworks */ = {isa = PBXBuildFile; fileRef = 2C5C471026B4F08E005E8C85 /* libzlib.a */; };
		2C6906D82298140F00A427D0 /* engine in Resources */ = {isa = PBXBuildFile; fileRef = 2C6906D72298140F00A427D0 /* engine */; };
		2CD8412C283263B2005013A6 /* libboost_filesystem.a in Frameworks */ = {isa = PBXBuildFile; fileRef = 2CD8412B283263B2005013A6 /* libboost_filesystem.a */; };
/* End PBXBuildFile section */

/* Begin PBXFileReference section */
		0971B5D928F45970008B71E2 /* TileState.cpp */ = {isa = PBXFileReference; fileEncoding = 4; lastKnownFileType = sourcecode.cpp.cpp; path = TileState.cpp; sourceTree = "<group>"; };
		0971B5DA28F45970008B71E2 /* Part_PoisonerState.h */ = {isa = PBXFileReference; fileEncoding = 4; lastKnownFileType = sourcecode.c.h; path = Part_PoisonerState.h; sourceTree = "<group>"; };
		0971B5DB28F45970008B71E2 /* EggState.h */ = {isa = PBXFileReference; fileEncoding = 4; lastKnownFileType = sourcecode.c.h; path = EggState.h; sourceTree = "<group>"; };
		0971B5DC28F45970008B71E2 /* Part_SynthesizerState.cpp */ = {isa = PBXFileReference; fileEncoding = 4; lastKnownFileType = sourcecode.cpp.cpp; path = Part_SynthesizerState.cpp; sourceTree = "<group>"; };
		0971B5DD28F45970008B71E2 /* MainViewer_CellMakingViewer.cpp */ = {isa = PBXFileReference; fileEncoding = 4; lastKnownFileType = sourcecode.cpp.cpp; path = MainViewer_CellMakingViewer.cpp; sourceTree = "<group>"; };
		0971B5DE28F45970008B71E2 /* Part_SynthesizerState.h */ = {isa = PBXFileReference; fileEncoding = 4; lastKnownFileType = sourcecode.c.h; path = Part_SynthesizerState.h; sourceTree = "<group>"; };
		0971B5DF28F45970008B71E2 /* Part_SynthesizerAsset.h */ = {isa = PBXFileReference; fileEncoding = 4; lastKnownFileType = sourcecode.c.h; path = Part_SynthesizerAsset.h; sourceTree = "<group>"; };
		0971B5E028F45970008B71E2 /* Rigidbody.cpp */ = {isa = PBXFileReference; fileEncoding = 4; lastKnownFileType = sourcecode.cpp.cpp; path = Rigidbody.cpp; sourceTree = "<group>"; };
		0971B5E128F45970008B71E2 /* GUIChecker.h */ = {isa = PBXFileReference; fileEncoding = 4; lastKnownFileType = sourcecode.c.h; path = GUIChecker.h; sourceTree = "<group>"; };
		0971B5E228F45970008B71E2 /* Part_WingState.cpp */ = {isa = PBXFileReference; fileEncoding = 4; lastKnownFileType = sourcecode.cpp.cpp; path = Part_WingState.cpp; sourceTree = "<group>"; };
		0971B5E328F45970008B71E2 /* GUIColorPicker.h */ = {isa = PBXFileReference; fileEncoding = 4; lastKnownFileType = sourcecode.c.h; path = GUIColorPicker.h; sourceTree = "<group>"; };
		0971B5E428F45970008B71E2 /* Part_PoisonerState.cpp */ = {isa = PBXFileReference; fileEncoding = 4; lastKnownFileType = sourcecode.cpp.cpp; path = Part_PoisonerState.cpp; sourceTree = "<group>"; };
		0971B5E528F45970008B71E2 /* Part_NucleusAsset.h */ = {isa = PBXFileReference; fileEncoding = 4; lastKnownFileType = sourcecode.c.h; path = Part_NucleusAsset.h; sourceTree = "<group>"; };
		0971B5E628F45970008B71E2 /* Asset.h */ = {isa = PBXFileReference; fileEncoding = 4; lastKnownFileType = sourcecode.c.h; path = Asset.h; sourceTree = "<group>"; };
		0971B5E728F45970008B71E2 /* EggState.cpp */ = {isa = PBXFileReference; fileEncoding = 4; lastKnownFileType = sourcecode.cpp.cpp; path = EggState.cpp; sourceTree = "<group>"; };
		0971B5E828F45970008B71E2 /* HiddenViewer.h */ = {isa = PBXFileReference; fileEncoding = 4; lastKnownFileType = sourcecode.c.h; path = HiddenViewer.h; sourceTree = "<group>"; };
		0971B5E928F45970008B71E2 /* CellState.cpp */ = {isa = PBXFileReference; fileEncoding = 4; lastKnownFileType = sourcecode.cpp.cpp; path = CellState.cpp; sourceTree = "<group>"; };
		0971B5EA28F45970008B71E2 /* Part_DepoisonerAsset.h */ = {isa = PBXFileReference; fileEncoding = 4; lastKnownFileType = sourcecode.c.h; path = Part_DepoisonerAsset.h; sourceTree = "<group>"; };
		0971B5EB28F45970008B71E2 /* Part_PoisonerAsset.cpp */ = {isa = PBXFileReference; fileEncoding = 4; lastKnownFileType = sourcecode.cpp.cpp; path = Part_PoisonerAsset.cpp; sourceTree = "<group>"; };
		0971B5EC28F45970008B71E2 /* Part_PoisonerAsset.h */ = {isa = PBXFileReference; fileEncoding = 4; lastKnownFileType = sourcecode.c.h; path = Part_PoisonerAsset.h; sourceTree = "<group>"; };
		0971B5ED28F45970008B71E2 /* Particle.cpp */ = {isa = PBXFileReference; fileEncoding = 4; lastKnownFileType = sourcecode.cpp.cpp; path = Particle.cpp; sourceTree = "<group>"; };
		0971B5EE28F45970008B71E2 /* Object.h */ = {isa = PBXFileReference; fileEncoding = 4; lastKnownFileType = sourcecode.c.h; path = Object.h; sourceTree = "<group>"; };
		0971B5EF28F45970008B71E2 /* CellState.h */ = {isa = PBXFileReference; fileEncoding = 4; lastKnownFileType = sourcecode.c.h; path = CellState.h; sourceTree = "<group>"; };
		0971B5F028F45970008B71E2 /* TitleViewer.cpp */ = {isa = PBXFileReference; fileEncoding = 4; lastKnownFileType = sourcecode.cpp.cpp; path = TitleViewer.cpp; sourceTree = "<group>"; };
		0971B5F128F45970008B71E2 /* Part_WingAsset.cpp */ = {isa = PBXFileReference; fileEncoding = 4; lastKnownFileType = sourcecode.cpp.cpp; path = Part_WingAsset.cpp; sourceTree = "<group>"; };
		0971B5F228F45970008B71E2 /* Part_WingState.h */ = {isa = PBXFileReference; fileEncoding = 4; lastKnownFileType = sourcecode.c.h; path = Part_WingState.h; sourceTree = "<group>"; };
		0971B5F328F45970008B71E2 /* GUICurtain.h */ = {isa = PBXFileReference; fileEncoding = 4; lastKnownFileType = sourcecode.c.h; path = GUICurtain.h; sourceTree = "<group>"; };
		0971B5F428F45970008B71E2 /* Part_NucleusState.cpp */ = {isa = PBXFileReference; fileEncoding = 4; lastKnownFileType = sourcecode.cpp.cpp; path = Part_NucleusState.cpp; sourceTree = "<group>"; };
		0971B5F528F45970008B71E2 /* GUIAssetLinker.h */ = {isa = PBXFileReference; fileEncoding = 4; lastKnownFileType = sourcecode.c.h; path = GUIAssetLinker.h; sourceTree = "<group>"; };
		0971B5F628F45971008B71E2 /* Storage.h */ = {isa = PBXFileReference; fileEncoding = 4; lastKnownFileType = sourcecode.c.h; path = Storage.h; sourceTree = "<group>"; };
		0971B5F728F45971008B71E2 /* EditorViewer.cpp */ = {isa = PBXFileReference; fileEncoding = 4; lastKnownFileType = sourcecode.cpp.cpp; path = EditorViewer.cpp; sourceTree = "<group>"; };
		0971B5F828F45971008B71E2 /* Part_BodyAsset.cpp */ = {isa = PBXFileReference; fileEncoding = 4; lastKnownFileType = sourcecode.cpp.cpp; path = Part_BodyAsset.cpp; sourceTree = "<group>"; };
		0971B5F928F45971008B71E2 /* MainViewer_CellMakingViewer_BodySculptor_Workspace.cpp */ = {isa = PBXFileReference; fileEncoding = 4; lastKnownFileType = sourcecode.cpp.cpp; path = MainViewer_CellMakingViewer_BodySculptor_Workspace.cpp; sourceTree = "<group>"; };
		0971B5FA28F45971008B71E2 /* GUIIcon.h */ = {isa = PBXFileReference; fileEncoding = 4; lastKnownFileType = sourcecode.c.h; path = GUIIcon.h; sourceTree = "<group>"; };
		0971B5FB28F45971008B71E2 /* PartAsset.cpp */ = {isa = PBXFileReference; fileEncoding = 4; lastKnownFileType = sourcecode.cpp.cpp; path = PartAsset.cpp; sourceTree = "<group>"; };
		0971B5FC28F45971008B71E2 /* Part_DepoisonerState.cpp */ = {isa = PBXFileReference; fileEncoding = 4; lastKnownFileType = sourcecode.cpp.cpp; path = Part_DepoisonerState.cpp; sourceTree = "<group>"; };
		0971B5FD28F45971008B71E2 /* Rigidbody.h */ = {isa = PBXFileReference; fileEncoding = 4; lastKnownFileType = sourcecode.c.h; path = Rigidbody.h; sourceTree = "<group>"; };
		0971B5FE28F45971008B71E2 /* CellAsset_Log.cpp */ = {isa = PBXFileReference; fileEncoding = 4; lastKnownFileType = sourcecode.cpp.cpp; path = CellAsset_Log.cpp; sourceTree = "<group>"; };
		0971B5FF28F45971008B71E2 /* GUIMusicBox.h */ = {isa = PBXFileReference; fileEncoding = 4; lastKnownFileType = sourcecode.c.h; path = GUIMusicBox.h; sourceTree = "<group>"; };
		0971B60028F45971008B71E2 /* MainViewer_CommandPalette.cpp */ = {isa = PBXFileReference; fileEncoding = 4; lastKnownFileType = sourcecode.cpp.cpp; path = MainViewer_CommandPalette.cpp; sourceTree = "<group>"; };
		0971B60128F45971008B71E2 /* MainViewer_CellMakingViewer_BodySculptor_ColorSelector.cpp */ = {isa = PBXFileReference; fileEncoding = 4; lastKnownFileType = sourcecode.cpp.cpp; path = MainViewer_CellMakingViewer_BodySculptor_ColorSelector.cpp; sourceTree = "<group>"; };
		0971B60228F45971008B71E2 /* PartConfig.cpp */ = {isa = PBXFileReference; fileEncoding = 4; lastKnownFileType = sourcecode.cpp.cpp; path = PartConfig.cpp; sourceTree = "<group>"; };
		0971B60328F45971008B71E2 /* Part_BodyState.cpp */ = {isa = PBXFileReference; fileEncoding = 4; lastKnownFileType = sourcecode.cpp.cpp; path = Part_BodyState.cpp; sourceTree = "<group>"; };
		0971B60428F45971008B71E2 /* PartAsset.h */ = {isa = PBXFileReference; fileEncoding = 4; lastKnownFileType = sourcecode.c.h; path = PartAsset.h; sourceTree = "<group>"; };
		0971B60528F45971008B71E2 /* MainViewer_FieldViewer_ReleaseViewer.cpp */ = {isa = PBXFileReference; fileEncoding = 4; lastKnownFileType = sourcecode.cpp.cpp; path = MainViewer_FieldViewer_ReleaseViewer.cpp; sourceTree = "<group>"; };
		0971B60628F45971008B71E2 /* MainViewer_CellMakingViewer_PartsAssembler_Workspace.cpp */ = {isa = PBXFileReference; fileEncoding = 4; lastKnownFileType = sourcecode.cpp.cpp; path = MainViewer_CellMakingViewer_PartsAssembler_Workspace.cpp; sourceTree = "<group>"; };
		0971B60728F45971008B71E2 /* GUIText.h */ = {isa = PBXFileReference; fileEncoding = 4; lastKnownFileType = sourcecode.c.h; path = GUIText.h; sourceTree = "<group>"; };
		0971B60828F45971008B71E2 /* Part_SynthesizerAsset.cpp */ = {isa = PBXFileReference; fileEncoding = 4; lastKnownFileType = sourcecode.cpp.cpp; path = Part_SynthesizerAsset.cpp; sourceTree = "<group>"; };
		0971B60928F45971008B71E2 /* Part_NeedleAsset.cpp */ = {isa = PBXFileReference; fileEncoding = 4; lastKnownFileType = sourcecode.cpp.cpp; path = Part_NeedleAsset.cpp; sourceTree = "<group>"; };
		0971B60A28F45971008B71E2 /* Part_DepoisonerState.h */ = {isa = PBXFileReference; fileEncoding = 4; lastKnownFileType = sourcecode.c.h; path = Part_DepoisonerState.h; sourceTree = "<group>"; };
		0971B60B28F45971008B71E2 /* Shape.h */ = {isa = PBXFileReference; fileEncoding = 4; lastKnownFileType = sourcecode.c.h; path = Shape.h; sourceTree = "<group>"; };
		0971B60C28F45971008B71E2 /* TitleViewer_WorldGenerator.cpp */ = {isa = PBXFileReference; fileEncoding = 4; lastKnownFileType = sourcecode.cpp.cpp; path = TitleViewer_WorldGenerator.cpp; sourceTree = "<group>"; };
		0971B60D28F45971008B71E2 /* MainViewer.h */ = {isa = PBXFileReference; fileEncoding = 4; lastKnownFileType = sourcecode.c.h; path = MainViewer.h; sourceTree = "<group>"; };
		0971B60E28F45971008B71E2 /* DraggableViewer.h */ = {isa = PBXFileReference; fileEncoding = 4; lastKnownFileType = sourcecode.c.h; path = DraggableViewer.h; sourceTree = "<group>"; };
		0971B60F28F45971008B71E2 /* Part_EyeState.h */ = {isa = PBXFileReference; fileEncoding = 4; lastKnownFileType = sourcecode.c.h; path = Part_EyeState.h; sourceTree = "<group>"; };
		0971B61028F45971008B71E2 /* Part_NucleusAsset.cpp */ = {isa = PBXFileReference; fileEncoding = 4; lastKnownFileType = sourcecode.cpp.cpp; path = Part_NucleusAsset.cpp; sourceTree = "<group>"; };
		0971B61128F45971008B71E2 /* Part_BodyAsset.h */ = {isa = PBXFileReference; fileEncoding = 4; lastKnownFileType = sourcecode.c.h; path = Part_BodyAsset.h; sourceTree = "<group>"; };
		0971B61228F45971008B71E2 /* EditorViewer_AssetViewer.cpp */ = {isa = PBXFileReference; fileEncoding = 4; lastKnownFileType = sourcecode.cpp.cpp; path = EditorViewer_AssetViewer.cpp; sourceTree = "<group>"; };
		0971B61328F45971008B71E2 /* Object.cpp */ = {isa = PBXFileReference; fileEncoding = 4; lastKnownFileType = sourcecode.cpp.cpp; path = Object.cpp; sourceTree = "<group>"; };
		0971B61428F45971008B71E2 /* Part_NeedleState.h */ = {isa = PBXFileReference; fileEncoding = 4; lastKnownFileType = sourcecode.c.h; path = Part_NeedleState.h; sourceTree = "<group>"; };
		0971B61528F45971008B71E2 /* MainViewer_CellAssetViewer.cpp */ = {isa = PBXFileReference; fileEncoding = 4; lastKnownFileType = sourcecode.cpp.cpp; path = MainViewer_CellAssetViewer.cpp; sourceTree = "<group>"; };
		0971B61628F45971008B71E2 /* Part_EyeAsset.h */ = {isa = PBXFileReference; fileEncoding = 4; lastKnownFileType = sourcecode.c.h; path = Part_EyeAsset.h; sourceTree = "<group>"; };
		0971B61728F45971008B71E2 /* MainViewer_CellMakingViewer_CellInfo.cpp */ = {isa = PBXFileReference; fileEncoding = 4; lastKnownFileType = sourcecode.cpp.cpp; path = MainViewer_CellMakingViewer_CellInfo.cpp; sourceTree = "<group>"; };
		0971B61828F45971008B71E2 /* Part_EyeAsset.cpp */ = {isa = PBXFileReference; fileEncoding = 4; lastKnownFileType = sourcecode.cpp.cpp; path = Part_EyeAsset.cpp; sourceTree = "<group>"; };
		0971B61928F45971008B71E2 /* stdafx.h */ = {isa = PBXFileReference; fileEncoding = 4; lastKnownFileType = sourcecode.c.h; path = stdafx.h; sourceTree = "<group>"; };
		0971B61A28F45971008B71E2 /* MainViewer_FieldViewer_CellStateCaptureViewer.cpp */ = {isa = PBXFileReference; fileEncoding = 4; lastKnownFileType = sourcecode.cpp.cpp; path = MainViewer_FieldViewer_CellStateCaptureViewer.cpp; sourceTree = "<group>"; };
		0971B61B28F45971008B71E2 /* World.cpp */ = {isa = PBXFileReference; fileEncoding = 4; lastKnownFileType = sourcecode.cpp.cpp; path = World.cpp; sourceTree = "<group>"; };
		0971B61C28F45971008B71E2 /* TileState.h */ = {isa = PBXFileReference; fileEncoding = 4; lastKnownFileType = sourcecode.c.h; path = TileState.h; sourceTree = "<group>"; };
		0971B61D28F45971008B71E2 /* MainViewer_FieldViewer.cpp */ = {isa = PBXFileReference; fileEncoding = 4; lastKnownFileType = sourcecode.cpp.cpp; path = MainViewer_FieldViewer.cpp; sourceTree = "<group>"; };
		0971B61E28F45971008B71E2 /* EditorViewer_AssetList.cpp */ = {isa = PBXFileReference; fileEncoding = 4; lastKnownFileType = sourcecode.cpp.cpp; path = EditorViewer_AssetList.cpp; sourceTree = "<group>"; };
		0971B61F28F45971008B71E2 /* Part_NeedleState.cpp */ = {isa = PBXFileReference; fileEncoding = 4; lastKnownFileType = sourcecode.cpp.cpp; path = Part_NeedleState.cpp; sourceTree = "<group>"; };
		0971B62028F45971008B71E2 /* ProteinAsset_Editor.h */ = {isa = PBXFileReference; fileEncoding = 4; lastKnownFileType = sourcecode.c.h; path = ProteinAsset_Editor.h; sourceTree = "<group>"; };
		0971B62128F45971008B71E2 /* EditorViewer.h */ = {isa = PBXFileReference; fileEncoding = 4; lastKnownFileType = sourcecode.c.h; path = EditorViewer.h; sourceTree = "<group>"; };
		0971B62228F45971008B71E2 /* GUIButton.h */ = {isa = PBXFileReference; fileEncoding = 4; lastKnownFileType = sourcecode.c.h; path = GUIButton.h; sourceTree = "<group>"; };
		0971B62328F45971008B71E2 /* GUIValuer.h */ = {isa = PBXFileReference; fileEncoding = 4; lastKnownFileType = sourcecode.c.h; path = GUIValuer.h; sourceTree = "<group>"; };
		0971B62428F45971008B71E2 /* Particle.h */ = {isa = PBXFileReference; fileEncoding = 4; lastKnownFileType = sourcecode.c.h; path = Particle.h; sourceTree = "<group>"; };
		0971B62528F45971008B71E2 /* Part_EyeState.cpp */ = {isa = PBXFileReference; fileEncoding = 4; lastKnownFileType = sourcecode.cpp.cpp; path = Part_EyeState.cpp; sourceTree = "<group>"; };
		0971B62628F45971008B71E2 /* Asset_Editor.h */ = {isa = PBXFileReference; fileEncoding = 4; lastKnownFileType = sourcecode.c.h; path = Asset_Editor.h; sourceTree = "<group>"; };
		0971B62728F45971008B71E2 /* PartState.h */ = {isa = PBXFileReference; fileEncoding = 4; lastKnownFileType = sourcecode.c.h; path = PartState.h; sourceTree = "<group>"; };
		0971B62828F45971008B71E2 /* Part_BodyState.h */ = {isa = PBXFileReference; fileEncoding = 4; lastKnownFileType = sourcecode.c.h; path = Part_BodyState.h; sourceTree = "<group>"; };
		0971B62928F45971008B71E2 /* PartConfig.h */ = {isa = PBXFileReference; fileEncoding = 4; lastKnownFileType = sourcecode.c.h; path = PartConfig.h; sourceTree = "<group>"; };
		0971B62A28F45971008B71E2 /* MainViewer_CellBook.cpp */ = {isa = PBXFileReference; fileEncoding = 4; lastKnownFileType = sourcecode.cpp.cpp; path = MainViewer_CellBook.cpp; sourceTree = "<group>"; };
		0971B62B28F45971008B71E2 /* MainViewer_CellAssetViewer_CellStateViewer.cpp */ = {isa = PBXFileReference; fileEncoding = 4; lastKnownFileType = sourcecode.cpp.cpp; path = MainViewer_CellAssetViewer_CellStateViewer.cpp; sourceTree = "<group>"; };
		0971B62C28F45971008B71E2 /* Layer.h */ = {isa = PBXFileReference; fileEncoding = 4; lastKnownFileType = sourcecode.c.h; path = Layer.h; sourceTree = "<group>"; };
		0971B62D28F45972008B71E2 /* MainViewer_CellMakingViewer_PartsAssembler.cpp */ = {isa = PBXFileReference; fileEncoding = 4; lastKnownFileType = sourcecode.cpp.cpp; path = MainViewer_CellMakingViewer_PartsAssembler.cpp; sourceTree = "<group>"; };
		0971B62E28F45972008B71E2 /* MainViewer_CellMakingViewer_BodySculptor.cpp */ = {isa = PBXFileReference; fileEncoding = 4; lastKnownFileType = sourcecode.cpp.cpp; path = MainViewer_CellMakingViewer_BodySculptor.cpp; sourceTree = "<group>"; };
		0971B62F28F45972008B71E2 /* GeneralSetting.h */ = {isa = PBXFileReference; fileEncoding = 4; lastKnownFileType = sourcecode.c.h; path = GeneralSetting.h; sourceTree = "<group>"; };
		0971B63028F45972008B71E2 /* MainViewer.cpp */ = {isa = PBXFileReference; fileEncoding = 4; lastKnownFileType = sourcecode.cpp.cpp; path = MainViewer.cpp; sourceTree = "<group>"; };
		0971B63128F45972008B71E2 /* PartState.cpp */ = {isa = PBXFileReference; fileEncoding = 4; lastKnownFileType = sourcecode.cpp.cpp; path = PartState.cpp; sourceTree = "<group>"; };
		0971B63228F45972008B71E2 /* GUISlider.h */ = {isa = PBXFileReference; fileEncoding = 4; lastKnownFileType = sourcecode.c.h; path = GUISlider.h; sourceTree = "<group>"; };
		0971B63328F45972008B71E2 /* Asset.cpp */ = {isa = PBXFileReference; fileEncoding = 4; lastKnownFileType = sourcecode.cpp.cpp; path = Asset.cpp; sourceTree = "<group>"; };
		0971B63428F45972008B71E2 /* Asset_Editor.cpp */ = {isa = PBXFileReference; fileEncoding = 4; lastKnownFileType = sourcecode.cpp.cpp; path = Asset_Editor.cpp; sourceTree = "<group>"; };
		0971B63528F45972008B71E2 /* Shape.cpp */ = {isa = PBXFileReference; fileEncoding = 4; lastKnownFileType = sourcecode.cpp.cpp; path = Shape.cpp; sourceTree = "<group>"; };
		0971B63628F45972008B71E2 /* Storage.cpp */ = {isa = PBXFileReference; fileEncoding = 4; lastKnownFileType = sourcecode.cpp.cpp; path = Storage.cpp; sourceTree = "<group>"; };
		0971B63728F45972008B71E2 /* ProteinAsset.h */ = {isa = PBXFileReference; fileEncoding = 4; lastKnownFileType = sourcecode.c.h; path = ProteinAsset.h; sourceTree = "<group>"; };
		0971B63828F45972008B71E2 /* TitleViewer.h */ = {isa = PBXFileReference; fileEncoding = 4; lastKnownFileType = sourcecode.c.h; path = TitleViewer.h; sourceTree = "<group>"; };
		0971B63928F45972008B71E2 /* stdafx.cpp */ = {isa = PBXFileReference; fileEncoding = 4; lastKnownFileType = sourcecode.cpp.cpp; path = stdafx.cpp; sourceTree = "<group>"; };
		0971B63A28F45972008B71E2 /* MainViewer_CellMakingViewer_PartsAssembler_PartList.cpp */ = {isa = PBXFileReference; fileEncoding = 4; lastKnownFileType = sourcecode.cpp.cpp; path = MainViewer_CellMakingViewer_PartsAssembler_PartList.cpp; sourceTree = "<group>"; };
		0971B63B28F45972008B71E2 /* EasyViewer.h */ = {isa = PBXFileReference; fileEncoding = 4; lastKnownFileType = sourcecode.c.h; path = EasyViewer.h; sourceTree = "<group>"; };
		0971B63C28F45972008B71E2 /* Part_DepoisonerAsset.cpp */ = {isa = PBXFileReference; fileEncoding = 4; lastKnownFileType = sourcecode.cpp.cpp; path = Part_DepoisonerAsset.cpp; sourceTree = "<group>"; };
		0971B63D28F45972008B71E2 /* MainViewer_StatisticsViewer.cpp */ = {isa = PBXFileReference; fileEncoding = 4; lastKnownFileType = sourcecode.cpp.cpp; path = MainViewer_StatisticsViewer.cpp; sourceTree = "<group>"; };
		0971B63E28F45972008B71E2 /* Part_WingAsset.h */ = {isa = PBXFileReference; fileEncoding = 4; lastKnownFileType = sourcecode.c.h; path = Part_WingAsset.h; sourceTree = "<group>"; };
		0971B63F28F45972008B71E2 /* GUITexture.h */ = {isa = PBXFileReference; fileEncoding = 4; lastKnownFileType = sourcecode.c.h; path = GUITexture.h; sourceTree = "<group>"; };
		0971B64028F45972008B71E2 /* CellAsset.h */ = {isa = PBXFileReference; fileEncoding = 4; lastKnownFileType = sourcecode.c.h; path = CellAsset.h; sourceTree = "<group>"; };
		0971B64128F45972008B71E2 /* ProteinAsset_Editor.cpp */ = {isa = PBXFileReference; fileEncoding = 4; lastKnownFileType = sourcecode.cpp.cpp; path = ProteinAsset_Editor.cpp; sourceTree = "<group>"; };
		0971B64228F45972008B71E2 /* ProteinAsset.cpp */ = {isa = PBXFileReference; fileEncoding = 4; lastKnownFileType = sourcecode.cpp.cpp; path = ProteinAsset.cpp; sourceTree = "<group>"; };
		0971B64328F45972008B71E2 /* CellAsset.cpp */ = {isa = PBXFileReference; fileEncoding = 4; lastKnownFileType = sourcecode.cpp.cpp; path = CellAsset.cpp; sourceTree = "<group>"; };
		0971B64428F45972008B71E2 /* TinyCamera.h */ = {isa = PBXFileReference; fileEncoding = 4; lastKnownFileType = sourcecode.c.h; path = TinyCamera.h; sourceTree = "<group>"; };
		0971B64528F45972008B71E2 /* MainViewer_CellBook_Item.cpp */ = {isa = PBXFileReference; fileEncoding = 4; lastKnownFileType = sourcecode.cpp.cpp; path = MainViewer_CellBook_Item.cpp; sourceTree = "<group>"; };
		0971B64628F45972008B71E2 /* Layer.cpp */ = {isa = PBXFileReference; fileEncoding = 4; lastKnownFileType = sourcecode.cpp.cpp; path = Layer.cpp; sourceTree = "<group>"; };
		0971B64728F45972008B71E2 /* MainViewer_CellMakingViewer_PartsAssembler_Workspace_TrashBox.cpp */ = {isa = PBXFileReference; fileEncoding = 4; lastKnownFileType = sourcecode.cpp.cpp; path = MainViewer_CellMakingViewer_PartsAssembler_Workspace_TrashBox.cpp; sourceTree = "<group>"; };
		0971B64828F45972008B71E2 /* Part_NucleusState.h */ = {isa = PBXFileReference; fileEncoding = 4; lastKnownFileType = sourcecode.c.h; path = Part_NucleusState.h; sourceTree = "<group>"; };
		0971B64928F45972008B71E2 /* GUITextBox.h */ = {isa = PBXFileReference; fileEncoding = 4; lastKnownFileType = sourcecode.c.h; path = GUITextBox.h; sourceTree = "<group>"; };
		0971B64A28F45972008B71E2 /* common.h */ = {isa = PBXFileReference; fileEncoding = 4; lastKnownFileType = sourcecode.c.h; path = common.h; sourceTree = "<group>"; };
		0971B64B28F45972008B71E2 /* Main.cpp */ = {isa = PBXFileReference; fileEncoding = 4; lastKnownFileType = sourcecode.cpp.cpp; path = Main.cpp; sourceTree = "<group>"; };
		0971B64C28F45972008B71E2 /* Part_NeedleAsset.h */ = {isa = PBXFileReference; fileEncoding = 4; lastKnownFileType = sourcecode.c.h; path = Part_NeedleAsset.h; sourceTree = "<group>"; };
		0971B64D28F45972008B71E2 /* World_makeModel.cpp */ = {isa = PBXFileReference; fileEncoding = 4; lastKnownFileType = sourcecode.cpp.cpp; path = World_makeModel.cpp; sourceTree = "<group>"; };
		0971B64E28F45972008B71E2 /* World.h */ = {isa = PBXFileReference; fileEncoding = 4; lastKnownFileType = sourcecode.c.h; path = World.h; sourceTree = "<group>"; };
		2C1778841CE0A9EA00BB8AD0 /* SyLife.app */ = {isa = PBXFileReference; explicitFileType = wrapper.application; includeInIndex = 0; path = SyLife.app; sourceTree = BUILT_PRODUCTS_DIR; };
		2C1778921CE0A9EA00BB8AD0 /* Info.plist */ = {isa = PBXFileReference; lastKnownFileType = text.plist.xml; path = Info.plist; sourceTree = "<group>"; };
		2C1778A21CE0B65500BB8AD0 /* icon.icns */ = {isa = PBXFileReference; lastKnownFileType = image.icns; path = icon.icns; sourceTree = "<group>"; };
		2C5C46DC26B4F00D005E8C85 /* libcurl.tbd */ = {isa = PBXFileReference; lastKnownFileType = "sourcecode.text-based-dylib-definition"; name = libcurl.tbd; path = usr/lib/libcurl.tbd; sourceTree = SDKROOT; };
		2C5C46DE26B4F014005E8C85 /* AudioToolbox.framework */ = {isa = PBXFileReference; lastKnownFileType = wrapper.framework; name = AudioToolbox.framework; path = System/Library/Frameworks/AudioToolbox.framework; sourceTree = SDKROOT; };
		2C5C46E026B4F01C005E8C85 /* AVFoundation.framework */ = {isa = PBXFileReference; lastKnownFileType = wrapper.framework; name = AVFoundation.framework; path = System/Library/Frameworks/AVFoundation.framework; sourceTree = SDKROOT; };
		2C5C46E226B4F023005E8C85 /* CoreAudio.framework */ = {isa = PBXFileReference; lastKnownFileType = wrapper.framework; name = CoreAudio.framework; path = System/Library/Frameworks/CoreAudio.framework; sourceTree = SDKROOT; };
		2C5C46E426B4F02A005E8C85 /* CoreMedia.framework */ = {isa = PBXFileReference; lastKnownFileType = wrapper.framework; name = CoreMedia.framework; path = System/Library/Frameworks/CoreMedia.framework; sourceTree = SDKROOT; };
		2C5C46E626B4F034005E8C85 /* libSiv3D.a */ = {isa = PBXFileReference; lastKnownFileType = archive.ar; name = libSiv3D.a; path = ../../lib/macOS/libSiv3D.a; sourceTree = "<group>"; };
		2C5C46EA26B4F04D005E8C85 /* libfreetype.a */ = {isa = PBXFileReference; lastKnownFileType = archive.ar; name = libfreetype.a; path = ../../lib/macOS/freetype/libfreetype.a; sourceTree = "<group>"; };
		2C5C46EC26B4F056005E8C85 /* libharfbuzz.a */ = {isa = PBXFileReference; lastKnownFileType = archive.ar; name = libharfbuzz.a; path = ../../lib/macOS/harfbuzz/libharfbuzz.a; sourceTree = "<group>"; };
		2C5C46EE26B4F05B005E8C85 /* liblibgif.a */ = {isa = PBXFileReference; lastKnownFileType = archive.ar; name = liblibgif.a; path = ../../lib/macOS/libgif/liblibgif.a; sourceTree = "<group>"; };
		2C5C46F026B4F065005E8C85 /* libturbojpeg.a */ = {isa = PBXFileReference; lastKnownFileType = archive.ar; name = libturbojpeg.a; path = "../../lib/macOS/libjpeg-turbo/libturbojpeg.a"; sourceTree = "<group>"; };
		2C5C46F226B4F069005E8C85 /* libogg.a */ = {isa = PBXFileReference; lastKnownFileType = archive.ar; name = libogg.a; path = ../../lib/macOS/libogg/libogg.a; sourceTree = "<group>"; };
		2C5C46F426B4F06D005E8C85 /* libpng16.a */ = {isa = PBXFileReference; lastKnownFileType = archive.ar; name = libpng16.a; path = ../../lib/macOS/libpng/libpng16.a; sourceTree = "<group>"; };
		2C5C46F626B4F071005E8C85 /* libtiff.a */ = {isa = PBXFileReference; lastKnownFileType = archive.ar; name = libtiff.a; path = ../../lib/macOS/libtiff/libtiff.a; sourceTree = "<group>"; };
		2C5C46F826B4F076005E8C85 /* libvorbisfile.a */ = {isa = PBXFileReference; lastKnownFileType = archive.ar; name = libvorbisfile.a; path = ../../lib/macOS/libvorbis/libvorbisfile.a; sourceTree = "<group>"; };
		2C5C46F926B4F076005E8C85 /* libvorbisenc.a */ = {isa = PBXFileReference; lastKnownFileType = archive.ar; name = libvorbisenc.a; path = ../../lib/macOS/libvorbis/libvorbisenc.a; sourceTree = "<group>"; };
		2C5C46FA26B4F076005E8C85 /* libvorbis.a */ = {isa = PBXFileReference; lastKnownFileType = archive.ar; name = libvorbis.a; path = ../../lib/macOS/libvorbis/libvorbis.a; sourceTree = "<group>"; };
		2C5C46FE26B4F07D005E8C85 /* libwebp.a */ = {isa = PBXFileReference; lastKnownFileType = archive.ar; name = libwebp.a; path = ../../lib/macOS/libwebp/libwebp.a; sourceTree = "<group>"; };
		2C5C470026B4F083005E8C85 /* libopencv_imgcodecs.a */ = {isa = PBXFileReference; lastKnownFileType = archive.ar; name = libopencv_imgcodecs.a; path = ../../lib/macOS/opencv/libopencv_imgcodecs.a; sourceTree = "<group>"; };
		2C5C470126B4F083005E8C85 /* libopencv_objdetect.a */ = {isa = PBXFileReference; lastKnownFileType = archive.ar; name = libopencv_objdetect.a; path = ../../lib/macOS/opencv/libopencv_objdetect.a; sourceTree = "<group>"; };
		2C5C470226B4F083005E8C85 /* libopencv_imgproc.a */ = {isa = PBXFileReference; lastKnownFileType = archive.ar; name = libopencv_imgproc.a; path = ../../lib/macOS/opencv/libopencv_imgproc.a; sourceTree = "<group>"; };
		2C5C470326B4F083005E8C85 /* libopencv_core.a */ = {isa = PBXFileReference; lastKnownFileType = archive.ar; name = libopencv_core.a; path = ../../lib/macOS/opencv/libopencv_core.a; sourceTree = "<group>"; };
		2C5C470426B4F083005E8C85 /* libopencv_photo.a */ = {isa = PBXFileReference; lastKnownFileType = archive.ar; name = libopencv_photo.a; path = ../../lib/macOS/opencv/libopencv_photo.a; sourceTree = "<group>"; };
		2C5C470526B4F083005E8C85 /* libopencv_videoio.a */ = {isa = PBXFileReference; lastKnownFileType = archive.ar; name = libopencv_videoio.a; path = ../../lib/macOS/opencv/libopencv_videoio.a; sourceTree = "<group>"; };
		2C5C470C26B4F08A005E8C85 /* libopusfile.a */ = {isa = PBXFileReference; lastKnownFileType = archive.ar; name = libopusfile.a; path = ../../lib/macOS/opus/libopusfile.a; sourceTree = "<group>"; };
		2C5C470D26B4F08A005E8C85 /* libopus.a */ = {isa = PBXFileReference; lastKnownFileType = archive.ar; name = libopus.a; path = ../../lib/macOS/opus/libopus.a; sourceTree = "<group>"; };
		2C5C471026B4F08E005E8C85 /* libzlib.a */ = {isa = PBXFileReference; lastKnownFileType = archive.ar; name = libzlib.a; path = ../../lib/macOS/zlib/libzlib.a; sourceTree = "<group>"; };
		2C6906D72298140F00A427D0 /* engine */ = {isa = PBXFileReference; lastKnownFileType = folder; name = engine; path = App/engine; sourceTree = "<group>"; };
		2CD8412B283263B2005013A6 /* libboost_filesystem.a */ = {isa = PBXFileReference; lastKnownFileType = archive.ar; name = libboost_filesystem.a; path = ../../lib/macOS/boost/libboost_filesystem.a; sourceTree = "<group>"; };
/* End PBXFileReference section */

/* Begin PBXFrameworksBuildPhase section */
		2C1778811CE0A9EA00BB8AD0 /* Frameworks */ = {
			isa = PBXFrameworksBuildPhase;
			buildActionMask = 2147483647;
			files = (
				2C5C46DF26B4F014005E8C85 /* AudioToolbox.framework in Frameworks */,
				2C5C46E126B4F01C005E8C85 /* AVFoundation.framework in Frameworks */,
				2C5C46E326B4F023005E8C85 /* CoreAudio.framework in Frameworks */,
				2C5C46E526B4F02A005E8C85 /* CoreMedia.framework in Frameworks */,
				2C5C46DD26B4F00D005E8C85 /* libcurl.tbd in Frameworks */,
				2C5C46E726B4F034005E8C85 /* libSiv3D.a in Frameworks */,
				2CD8412C283263B2005013A6 /* libboost_filesystem.a in Frameworks */,
				2C5C470E26B4F08A005E8C85 /* libopusfile.a in Frameworks */,
				2C5C471126B4F08E005E8C85 /* libzlib.a in Frameworks */,
				2C5C470F26B4F08A005E8C85 /* libopus.a in Frameworks */,
				2C5C46F726B4F071005E8C85 /* libtiff.a in Frameworks */,
				2C5C470626B4F084005E8C85 /* libopencv_imgcodecs.a in Frameworks */,
				2C5C470726B4F084005E8C85 /* libopencv_objdetect.a in Frameworks */,
				2C5C470826B4F084005E8C85 /* libopencv_imgproc.a in Frameworks */,
				2C5C470926B4F084005E8C85 /* libopencv_core.a in Frameworks */,
				2C5C470A26B4F084005E8C85 /* libopencv_photo.a in Frameworks */,
				2C5C470B26B4F084005E8C85 /* libopencv_videoio.a in Frameworks */,
				2C5C46FF26B4F07D005E8C85 /* libwebp.a in Frameworks */,
				2C5C46FB26B4F076005E8C85 /* libvorbisfile.a in Frameworks */,
				2C5C46FC26B4F076005E8C85 /* libvorbisenc.a in Frameworks */,
				2C5C46FD26B4F076005E8C85 /* libvorbis.a in Frameworks */,
				2C5C46ED26B4F056005E8C85 /* libharfbuzz.a in Frameworks */,
				2C5C46EB26B4F04D005E8C85 /* libfreetype.a in Frameworks */,
				2C5C46F526B4F06D005E8C85 /* libpng16.a in Frameworks */,
				2C5C46F326B4F069005E8C85 /* libogg.a in Frameworks */,
				2C5C46F126B4F065005E8C85 /* libturbojpeg.a in Frameworks */,
				2C5C46EF26B4F05B005E8C85 /* liblibgif.a in Frameworks */,
			);
			runOnlyForDeploymentPostprocessing = 0;
		};
/* End PBXFrameworksBuildPhase section */

/* Begin PBXGroup section */
		2C1778791CE0A9D800BB8AD0 = {
			isa = PBXGroup;
			children = (
				2C6906D72298140F00A427D0 /* engine */,
				2C1778921CE0A9EA00BB8AD0 /* Info.plist */,
				2C1778A21CE0B65500BB8AD0 /* icon.icns */,
				2C1778981CE0AA7C00BB8AD0 /* src */,
				2C1778851CE0A9EA00BB8AD0 /* Products */,
				2CC7F9861F45930A0071A239 /* Frameworks */,
			);
			sourceTree = "<group>";
		};
		2C1778851CE0A9EA00BB8AD0 /* Products */ = {
			isa = PBXGroup;
			children = (
				2C1778841CE0A9EA00BB8AD0 /* SyLife.app */,
			);
			name = Products;
			sourceTree = "<group>";
		};
		2C1778981CE0AA7C00BB8AD0 /* src */ = {
			isa = PBXGroup;
			children = (
				0971B63428F45972008B71E2 /* Asset_Editor.cpp */,
				0971B62628F45971008B71E2 /* Asset_Editor.h */,
				0971B63328F45972008B71E2 /* Asset.cpp */,
				0971B5E628F45970008B71E2 /* Asset.h */,
				0971B5FE28F45971008B71E2 /* CellAsset_Log.cpp */,
				0971B64328F45972008B71E2 /* CellAsset.cpp */,
				0971B64028F45972008B71E2 /* CellAsset.h */,
				0971B5E928F45970008B71E2 /* CellState.cpp */,
				0971B5EF28F45970008B71E2 /* CellState.h */,
				0971B64A28F45972008B71E2 /* common.h */,
				0971B60E28F45971008B71E2 /* DraggableViewer.h */,
				0971B63B28F45972008B71E2 /* EasyViewer.h */,
				0971B61E28F45971008B71E2 /* EditorViewer_AssetList.cpp */,
				0971B61228F45971008B71E2 /* EditorViewer_AssetViewer.cpp */,
				0971B5F728F45971008B71E2 /* EditorViewer.cpp */,
				0971B62128F45971008B71E2 /* EditorViewer.h */,
				0971B5E728F45970008B71E2 /* EggState.cpp */,
				0971B5DB28F45970008B71E2 /* EggState.h */,
				0971B62F28F45972008B71E2 /* GeneralSetting.h */,
				0971B5F528F45970008B71E2 /* GUIAssetLinker.h */,
				0971B62228F45971008B71E2 /* GUIButton.h */,
				0971B5E128F45970008B71E2 /* GUIChecker.h */,
				0971B5E328F45970008B71E2 /* GUIColorPicker.h */,
				0971B5F328F45970008B71E2 /* GUICurtain.h */,
				0971B5FA28F45971008B71E2 /* GUIIcon.h */,
				0971B5FF28F45971008B71E2 /* GUIMusicBox.h */,
				0971B63228F45972008B71E2 /* GUISlider.h */,
				0971B60728F45971008B71E2 /* GUIText.h */,
				0971B64928F45972008B71E2 /* GUITextBox.h */,
				0971B63F28F45972008B71E2 /* GUITexture.h */,
				0971B62328F45971008B71E2 /* GUIValuer.h */,
				0971B5E828F45970008B71E2 /* HiddenViewer.h */,
				0971B64628F45972008B71E2 /* Layer.cpp */,
				0971B62C28F45971008B71E2 /* Layer.h */,
				0971B64B28F45972008B71E2 /* Main.cpp */,
				0971B62B28F45971008B71E2 /* MainViewer_CellAssetViewer_CellStateViewer.cpp */,
				0971B61528F45971008B71E2 /* MainViewer_CellAssetViewer.cpp */,
				0971B64528F45972008B71E2 /* MainViewer_CellBook_Item.cpp */,
				0971B62A28F45971008B71E2 /* MainViewer_CellBook.cpp */,
				0971B60128F45971008B71E2 /* MainViewer_CellMakingViewer_BodySculptor_ColorSelector.cpp */,
				0971B5F928F45971008B71E2 /* MainViewer_CellMakingViewer_BodySculptor_Workspace.cpp */,
				0971B62E28F45972008B71E2 /* MainViewer_CellMakingViewer_BodySculptor.cpp */,
				0971B61728F45971008B71E2 /* MainViewer_CellMakingViewer_CellInfo.cpp */,
				0971B63A28F45972008B71E2 /* MainViewer_CellMakingViewer_PartsAssembler_PartList.cpp */,
				0971B64728F45972008B71E2 /* MainViewer_CellMakingViewer_PartsAssembler_Workspace_TrashBox.cpp */,
				0971B60628F45971008B71E2 /* MainViewer_CellMakingViewer_PartsAssembler_Workspace.cpp */,
				0971B62D28F45972008B71E2 /* MainViewer_CellMakingViewer_PartsAssembler.cpp */,
				0971B5DD28F45970008B71E2 /* MainViewer_CellMakingViewer.cpp */,
				0971B60028F45971008B71E2 /* MainViewer_CommandPalette.cpp */,
				0971B61A28F45971008B71E2 /* MainViewer_FieldViewer_CellStateCaptureViewer.cpp */,
				0971B60528F45971008B71E2 /* MainViewer_FieldViewer_ReleaseViewer.cpp */,
				0971B61D28F45971008B71E2 /* MainViewer_FieldViewer.cpp */,
				0971B63D28F45972008B71E2 /* MainViewer_StatisticsViewer.cpp */,
				0971B63028F45972008B71E2 /* MainViewer.cpp */,
				0971B60D28F45971008B71E2 /* MainViewer.h */,
				0971B61328F45971008B71E2 /* Object.cpp */,
				0971B5EE28F45970008B71E2 /* Object.h */,
				0971B5F828F45971008B71E2 /* Part_BodyAsset.cpp */,
				0971B61128F45971008B71E2 /* Part_BodyAsset.h */,
				0971B60328F45971008B71E2 /* Part_BodyState.cpp */,
				0971B62828F45971008B71E2 /* Part_BodyState.h */,
				0971B63C28F45972008B71E2 /* Part_DepoisonerAsset.cpp */,
				0971B5EA28F45970008B71E2 /* Part_DepoisonerAsset.h */,
				0971B5FC28F45971008B71E2 /* Part_DepoisonerState.cpp */,
				0971B60A28F45971008B71E2 /* Part_DepoisonerState.h */,
				0971B61828F45971008B71E2 /* Part_EyeAsset.cpp */,
				0971B61628F45971008B71E2 /* Part_EyeAsset.h */,
				0971B62528F45971008B71E2 /* Part_EyeState.cpp */,
				0971B60F28F45971008B71E2 /* Part_EyeState.h */,
				0971B60928F45971008B71E2 /* Part_NeedleAsset.cpp */,
				0971B64C28F45972008B71E2 /* Part_NeedleAsset.h */,
				0971B61F28F45971008B71E2 /* Part_NeedleState.cpp */,
				0971B61428F45971008B71E2 /* Part_NeedleState.h */,
				0971B61028F45971008B71E2 /* Part_NucleusAsset.cpp */,
				0971B5E528F45970008B71E2 /* Part_NucleusAsset.h */,
				0971B5F428F45970008B71E2 /* Part_NucleusState.cpp */,
				0971B64828F45972008B71E2 /* Part_NucleusState.h */,
				0971B5EB28F45970008B71E2 /* Part_PoisonerAsset.cpp */,
				0971B5EC28F45970008B71E2 /* Part_PoisonerAsset.h */,
				0971B5E428F45970008B71E2 /* Part_PoisonerState.cpp */,
				0971B5DA28F45970008B71E2 /* Part_PoisonerState.h */,
				0971B60828F45971008B71E2 /* Part_SynthesizerAsset.cpp */,
				0971B5DF28F45970008B71E2 /* Part_SynthesizerAsset.h */,
				0971B5DC28F45970008B71E2 /* Part_SynthesizerState.cpp */,
				0971B5DE28F45970008B71E2 /* Part_SynthesizerState.h */,
				0971B5F128F45970008B71E2 /* Part_WingAsset.cpp */,
				0971B63E28F45972008B71E2 /* Part_WingAsset.h */,
				0971B5E228F45970008B71E2 /* Part_WingState.cpp */,
				0971B5F228F45970008B71E2 /* Part_WingState.h */,
				0971B5FB28F45971008B71E2 /* PartAsset.cpp */,
				0971B60428F45971008B71E2 /* PartAsset.h */,
				0971B60228F45971008B71E2 /* PartConfig.cpp */,
				0971B62928F45971008B71E2 /* PartConfig.h */,
				0971B5ED28F45970008B71E2 /* Particle.cpp */,
				0971B62428F45971008B71E2 /* Particle.h */,
				0971B63128F45972008B71E2 /* PartState.cpp */,
				0971B62728F45971008B71E2 /* PartState.h */,
				0971B64128F45972008B71E2 /* ProteinAsset_Editor.cpp */,
				0971B62028F45971008B71E2 /* ProteinAsset_Editor.h */,
				0971B64228F45972008B71E2 /* ProteinAsset.cpp */,
				0971B63728F45972008B71E2 /* ProteinAsset.h */,
				0971B5E028F45970008B71E2 /* Rigidbody.cpp */,
				0971B5FD28F45971008B71E2 /* Rigidbody.h */,
				0971B63528F45972008B71E2 /* Shape.cpp */,
				0971B60B28F45971008B71E2 /* Shape.h */,
				0971B63928F45972008B71E2 /* stdafx.cpp */,
				0971B61928F45971008B71E2 /* stdafx.h */,
				0971B63628F45972008B71E2 /* Storage.cpp */,
				0971B5F628F45971008B71E2 /* Storage.h */,
				0971B5D928F45970008B71E2 /* TileState.cpp */,
				0971B61C28F45971008B71E2 /* TileState.h */,
				0971B64428F45972008B71E2 /* TinyCamera.h */,
				0971B60C28F45971008B71E2 /* TitleViewer_WorldGenerator.cpp */,
				0971B5F028F45970008B71E2 /* TitleViewer.cpp */,
				0971B63828F45972008B71E2 /* TitleViewer.h */,
				0971B64D28F45972008B71E2 /* World_makeModel.cpp */,
				0971B61B28F45971008B71E2 /* World.cpp */,
				0971B64E28F45972008B71E2 /* World.h */,
			);
			path = src;
			sourceTree = "<group>";
		};
		2CC7F9861F45930A0071A239 /* Frameworks */ = {
			isa = PBXGroup;
			children = (
				2CD8412B283263B2005013A6 /* libboost_filesystem.a */,
				2C5C471026B4F08E005E8C85 /* libzlib.a */,
				2C5C470D26B4F08A005E8C85 /* libopus.a */,
				2C5C470C26B4F08A005E8C85 /* libopusfile.a */,
				2C5C470326B4F083005E8C85 /* libopencv_core.a */,
				2C5C470026B4F083005E8C85 /* libopencv_imgcodecs.a */,
				2C5C470226B4F083005E8C85 /* libopencv_imgproc.a */,
				2C5C470126B4F083005E8C85 /* libopencv_objdetect.a */,
				2C5C470426B4F083005E8C85 /* libopencv_photo.a */,
				2C5C470526B4F083005E8C85 /* libopencv_videoio.a */,
				2C5C46FE26B4F07D005E8C85 /* libwebp.a */,
				2C5C46FA26B4F076005E8C85 /* libvorbis.a */,
				2C5C46F926B4F076005E8C85 /* libvorbisenc.a */,
				2C5C46F826B4F076005E8C85 /* libvorbisfile.a */,
				2C5C46F626B4F071005E8C85 /* libtiff.a */,
				2C5C46F426B4F06D005E8C85 /* libpng16.a */,
				2C5C46F226B4F069005E8C85 /* libogg.a */,
				2C5C46F026B4F065005E8C85 /* libturbojpeg.a */,
				2C5C46EE26B4F05B005E8C85 /* liblibgif.a */,
				2C5C46EC26B4F056005E8C85 /* libharfbuzz.a */,
				2C5C46EA26B4F04D005E8C85 /* libfreetype.a */,
				2C5C46E626B4F034005E8C85 /* libSiv3D.a */,
				2C5C46E426B4F02A005E8C85 /* CoreMedia.framework */,
				2C5C46E226B4F023005E8C85 /* CoreAudio.framework */,
				2C5C46E026B4F01C005E8C85 /* AVFoundation.framework */,
				2C5C46DE26B4F014005E8C85 /* AudioToolbox.framework */,
				2C5C46DC26B4F00D005E8C85 /* libcurl.tbd */,
			);
			name = Frameworks;
			sourceTree = "<group>";
		};
/* End PBXGroup section */

/* Begin PBXNativeTarget section */
		2C1778831CE0A9EA00BB8AD0 /* SyLife */ = {
			isa = PBXNativeTarget;
			buildConfigurationList = 2C1778931CE0A9EA00BB8AD0 /* Build configuration list for PBXNativeTarget "SyLife" */;
			buildPhases = (
				2C1778801CE0A9EA00BB8AD0 /* Sources */,
				2C1778811CE0A9EA00BB8AD0 /* Frameworks */,
				2C1778821CE0A9EA00BB8AD0 /* Resources */,
			);
			buildRules = (
			);
			dependencies = (
			);
			name = SyLife;
			productName = empty;
			productReference = 2C1778841CE0A9EA00BB8AD0 /* SyLife.app */;
			productType = "com.apple.product-type.application";
		};
/* End PBXNativeTarget section */

/* Begin PBXProject section */
		2C17787A1CE0A9D800BB8AD0 /* Project object */ = {
			isa = PBXProject;
			attributes = {
				LastUpgradeCheck = 1250;
				TargetAttributes = {
					2C1778831CE0A9EA00BB8AD0 = {
						CreatedOnToolsVersion = 7.3.1;
					};
				};
			};
			buildConfigurationList = 2C17787D1CE0A9D800BB8AD0 /* Build configuration list for PBXProject "SyLife" */;
			compatibilityVersion = "Xcode 3.2";
			developmentRegion = en;
			hasScannedForEncodings = 0;
			knownRegions = (
				en,
				Base,
			);
			mainGroup = 2C1778791CE0A9D800BB8AD0;
			productRefGroup = 2C1778851CE0A9EA00BB8AD0 /* Products */;
			projectDirPath = "";
			projectRoot = "";
			targets = (
				2C1778831CE0A9EA00BB8AD0 /* SyLife */,
			);
		};
/* End PBXProject section */

/* Begin PBXResourcesBuildPhase section */
		2C1778821CE0A9EA00BB8AD0 /* Resources */ = {
			isa = PBXResourcesBuildPhase;
			buildActionMask = 2147483647;
			files = (
				2C6906D82298140F00A427D0 /* engine in Resources */,
				2C1778A31CE0B65500BB8AD0 /* icon.icns in Resources */,
			);
			runOnlyForDeploymentPostprocessing = 0;
		};
/* End PBXResourcesBuildPhase section */

/* Begin PBXSourcesBuildPhase section */
		2C1778801CE0A9EA00BB8AD0 /* Sources */ = {
			isa = PBXSourcesBuildPhase;
			buildActionMask = 2147483647;
			files = (
				0971B68A28F45972008B71E2 /* MainViewer_CellMakingViewer_PartsAssembler_Workspace_TrashBox.cpp in Sources */,
				0971B67C28F45972008B71E2 /* PartState.cpp in Sources */,
				0971B66D28F45972008B71E2 /* Object.cpp in Sources */,
				0971B65328F45972008B71E2 /* Part_WingState.cpp in Sources */,
				0971B67228F45972008B71E2 /* World.cpp in Sources */,
				0971B65828F45972008B71E2 /* Particle.cpp in Sources */,
				0971B68928F45972008B71E2 /* Layer.cpp in Sources */,
				0971B66828F45972008B71E2 /* Part_SynthesizerAsset.cpp in Sources */,
				0971B67A28F45972008B71E2 /* MainViewer_CellMakingViewer_BodySculptor.cpp in Sources */,
				0971B65D28F45972008B71E2 /* Part_BodyAsset.cpp in Sources */,
				0971B65C28F45972008B71E2 /* EditorViewer.cpp in Sources */,
				0971B67D28F45972008B71E2 /* Asset.cpp in Sources */,
				0971B66A28F45972008B71E2 /* TitleViewer_WorldGenerator.cpp in Sources */,
				0971B65F28F45972008B71E2 /* PartAsset.cpp in Sources */,
				0971B64F28F45972008B71E2 /* TileState.cpp in Sources */,
				0971B66028F45972008B71E2 /* Part_DepoisonerState.cpp in Sources */,
				0971B67528F45972008B71E2 /* Part_NeedleState.cpp in Sources */,
				0971B67328F45972008B71E2 /* MainViewer_FieldViewer.cpp in Sources */,
				0971B67828F45972008B71E2 /* MainViewer_CellAssetViewer_CellStateViewer.cpp in Sources */,
				0971B68728F45972008B71E2 /* CellAsset.cpp in Sources */,
				0971B65728F45972008B71E2 /* Part_PoisonerAsset.cpp in Sources */,
				0971B66428F45972008B71E2 /* PartConfig.cpp in Sources */,
				0971B66B28F45972008B71E2 /* Part_NucleusAsset.cpp in Sources */,
				0971B65028F45972008B71E2 /* Part_SynthesizerState.cpp in Sources */,
				0971B66328F45972008B71E2 /* MainViewer_CellMakingViewer_BodySculptor_ColorSelector.cpp in Sources */,
				0971B65428F45972008B71E2 /* Part_PoisonerState.cpp in Sources */,
				0971B68C28F45972008B71E2 /* World_makeModel.cpp in Sources */,
				0971B68828F45972008B71E2 /* MainViewer_CellBook_Item.cpp in Sources */,
				0971B65B28F45972008B71E2 /* Part_NucleusState.cpp in Sources */,
				0971B67028F45972008B71E2 /* Part_EyeAsset.cpp in Sources */,
				0971B65A28F45972008B71E2 /* Part_WingAsset.cpp in Sources */,
				0971B68328F45972008B71E2 /* Part_DepoisonerAsset.cpp in Sources */,
				0971B65528F45972008B71E2 /* EggState.cpp in Sources */,
				0971B67928F45972008B71E2 /* MainViewer_CellMakingViewer_PartsAssembler.cpp in Sources */,
				0971B66628F45972008B71E2 /* MainViewer_FieldViewer_ReleaseViewer.cpp in Sources */,
				0971B65128F45972008B71E2 /* MainViewer_CellMakingViewer.cpp in Sources */,
				0971B66928F45972008B71E2 /* Part_NeedleAsset.cpp in Sources */,
				0971B66F28F45972008B71E2 /* MainViewer_CellMakingViewer_CellInfo.cpp in Sources */,
				0971B67128F45972008B71E2 /* MainViewer_FieldViewer_CellStateCaptureViewer.cpp in Sources */,
				0971B68028F45972008B71E2 /* Storage.cpp in Sources */,
				0971B68428F45972008B71E2 /* MainViewer_StatisticsViewer.cpp in Sources */,
				0971B67428F45972008B71E2 /* EditorViewer_AssetList.cpp in Sources */,
				0971B67728F45972008B71E2 /* MainViewer_CellBook.cpp in Sources */,
				0971B66C28F45972008B71E2 /* EditorViewer_AssetViewer.cpp in Sources */,
				0971B67F28F45972008B71E2 /* Shape.cpp in Sources */,
				0971B66E28F45972008B71E2 /* MainViewer_CellAssetViewer.cpp in Sources */,
				0971B66528F45972008B71E2 /* Part_BodyState.cpp in Sources */,
				0971B68628F45972008B71E2 /* ProteinAsset.cpp in Sources */,
				0971B68228F45972008B71E2 /* MainViewer_CellMakingViewer_PartsAssembler_PartList.cpp in Sources */,
				0971B66228F45972008B71E2 /* MainViewer_CommandPalette.cpp in Sources */,
				0971B67E28F45972008B71E2 /* Asset_Editor.cpp in Sources */,
				0971B68128F45972008B71E2 /* stdafx.cpp in Sources */,
				0971B66128F45972008B71E2 /* CellAsset_Log.cpp in Sources */,
				0971B65928F45972008B71E2 /* TitleViewer.cpp in Sources */,
				0971B65E28F45972008B71E2 /* MainViewer_CellMakingViewer_BodySculptor_Workspace.cpp in Sources */,
				0971B67628F45972008B71E2 /* Part_EyeState.cpp in Sources */,
				0971B68B28F45972008B71E2 /* Main.cpp in Sources */,
				0971B66728F45972008B71E2 /* MainViewer_CellMakingViewer_PartsAssembler_Workspace.cpp in Sources */,
				0971B65228F45972008B71E2 /* Rigidbody.cpp in Sources */,
				0971B68528F45972008B71E2 /* ProteinAsset_Editor.cpp in Sources */,
				0971B67B28F45972008B71E2 /* MainViewer.cpp in Sources */,
				0971B65628F45972008B71E2 /* CellState.cpp in Sources */,
			);
			runOnlyForDeploymentPostprocessing = 0;
		};
/* End PBXSourcesBuildPhase section */

/* Begin XCBuildConfiguration section */
		2C17787E1CE0A9D800BB8AD0 /* Debug */ = {
			isa = XCBuildConfiguration;
			buildSettings = {
				CLANG_ANALYZER_LOCALIZABILITY_NONLOCALIZED = YES;
				CLANG_WARN_BLOCK_CAPTURE_AUTORELEASING = YES;
				CLANG_WARN_BOOL_CONVERSION = YES;
				CLANG_WARN_COMMA = YES;
				CLANG_WARN_CONSTANT_CONVERSION = YES;
				CLANG_WARN_DEPRECATED_OBJC_IMPLEMENTATIONS = YES;
				CLANG_WARN_EMPTY_BODY = YES;
				CLANG_WARN_ENUM_CONVERSION = YES;
				CLANG_WARN_INFINITE_RECURSION = YES;
				CLANG_WARN_INT_CONVERSION = YES;
				CLANG_WARN_NON_LITERAL_NULL_CONVERSION = YES;
				CLANG_WARN_OBJC_IMPLICIT_RETAIN_SELF = YES;
				CLANG_WARN_OBJC_LITERAL_CONVERSION = YES;
				CLANG_WARN_QUOTED_INCLUDE_IN_FRAMEWORK_HEADER = YES;
				CLANG_WARN_RANGE_LOOP_ANALYSIS = YES;
				CLANG_WARN_STRICT_PROTOTYPES = YES;
				CLANG_WARN_SUSPICIOUS_MOVE = YES;
				CLANG_WARN_UNREACHABLE_CODE = YES;
				CLANG_WARN__DUPLICATE_METHOD_MATCH = YES;
				ENABLE_STRICT_OBJC_MSGSEND = YES;
				ENABLE_TESTABILITY = YES;
				GCC_NO_COMMON_BLOCKS = YES;
				GCC_SYMBOLS_PRIVATE_EXTERN = YES;
				GCC_WARN_64_TO_32_BIT_CONVERSION = YES;
				GCC_WARN_ABOUT_RETURN_TYPE = YES;
				GCC_WARN_UNDECLARED_SELECTOR = YES;
				GCC_WARN_UNINITIALIZED_AUTOS = YES;
				GCC_WARN_UNUSED_FUNCTION = YES;
				GCC_WARN_UNUSED_VARIABLE = YES;
				ONLY_ACTIVE_ARCH = YES;
				OTHER_CPLUSPLUSFLAGS = (
					"$(OTHER_CFLAGS)",
					"-std=c++1z",
				);
			};
			name = Debug;
		};
		2C17787F1CE0A9D800BB8AD0 /* Release */ = {
			isa = XCBuildConfiguration;
			buildSettings = {
				CLANG_ANALYZER_LOCALIZABILITY_NONLOCALIZED = YES;
				CLANG_WARN_BLOCK_CAPTURE_AUTORELEASING = YES;
				CLANG_WARN_BOOL_CONVERSION = YES;
				CLANG_WARN_COMMA = YES;
				CLANG_WARN_CONSTANT_CONVERSION = YES;
				CLANG_WARN_DEPRECATED_OBJC_IMPLEMENTATIONS = YES;
				CLANG_WARN_EMPTY_BODY = YES;
				CLANG_WARN_ENUM_CONVERSION = YES;
				CLANG_WARN_INFINITE_RECURSION = YES;
				CLANG_WARN_INT_CONVERSION = YES;
				CLANG_WARN_NON_LITERAL_NULL_CONVERSION = YES;
				CLANG_WARN_OBJC_IMPLICIT_RETAIN_SELF = YES;
				CLANG_WARN_OBJC_LITERAL_CONVERSION = YES;
				CLANG_WARN_QUOTED_INCLUDE_IN_FRAMEWORK_HEADER = YES;
				CLANG_WARN_RANGE_LOOP_ANALYSIS = YES;
				CLANG_WARN_STRICT_PROTOTYPES = YES;
				CLANG_WARN_SUSPICIOUS_MOVE = YES;
				CLANG_WARN_UNREACHABLE_CODE = YES;
				CLANG_WARN__DUPLICATE_METHOD_MATCH = YES;
				ENABLE_STRICT_OBJC_MSGSEND = YES;
				GCC_NO_COMMON_BLOCKS = YES;
				GCC_SYMBOLS_PRIVATE_EXTERN = YES;
				GCC_WARN_64_TO_32_BIT_CONVERSION = YES;
				GCC_WARN_ABOUT_RETURN_TYPE = YES;
				GCC_WARN_UNDECLARED_SELECTOR = YES;
				GCC_WARN_UNINITIALIZED_AUTOS = YES;
				GCC_WARN_UNUSED_FUNCTION = YES;
				GCC_WARN_UNUSED_VARIABLE = YES;
				OTHER_CPLUSPLUSFLAGS = (
					"$(OTHER_CFLAGS)",
					"-std=c++1z",
				);
			};
			name = Release;
		};
		2C1778941CE0A9EA00BB8AD0 /* Debug */ = {
			isa = XCBuildConfiguration;
			buildSettings = {
				ALWAYS_SEARCH_USER_PATHS = NO;
				ASSETCATALOG_COMPILER_APPICON_NAME = AppIcon;
				CLANG_ANALYZER_NONNULL = YES;
				CLANG_CXX_LANGUAGE_STANDARD = "c++2a";
				CLANG_CXX_LIBRARY = "libc++";
				CLANG_ENABLE_MODULES = YES;
				CLANG_ENABLE_OBJC_ARC = YES;
				CLANG_WARN_BOOL_CONVERSION = YES;
				CLANG_WARN_CONSTANT_CONVERSION = YES;
				CLANG_WARN_DIRECT_OBJC_ISA_USAGE = YES_ERROR;
				CLANG_WARN_EMPTY_BODY = YES;
				CLANG_WARN_ENUM_CONVERSION = YES;
				CLANG_WARN_INT_CONVERSION = YES;
				CLANG_WARN_OBJC_ROOT_CLASS = YES_ERROR;
				CLANG_WARN_UNREACHABLE_CODE = YES;
				CLANG_WARN__DUPLICATE_METHOD_MATCH = YES;
				CODE_SIGN_IDENTITY = "-";
				COMBINE_HIDPI_IMAGES = YES;
				CONFIGURATION_BUILD_DIR = "$(SRCROOT)/App/";
				COPY_PHASE_STRIP = NO;
				DEBUG_INFORMATION_FORMAT = dwarf;
				ENABLE_STRICT_OBJC_MSGSEND = YES;
				ENABLE_TESTABILITY = YES;
				EXCLUDED_ARCHS = arm64;
				GCC_C_LANGUAGE_STANDARD = gnu99;
				GCC_DYNAMIC_NO_PIC = NO;
				GCC_NO_COMMON_BLOCKS = YES;
				GCC_OPTIMIZATION_LEVEL = 0;
				GCC_PREPROCESSOR_DEFINITIONS = (
					"DEBUG=1",
					"$(inherited)",
				);
				GCC_SYMBOLS_PRIVATE_EXTERN = YES;
				GCC_WARN_64_TO_32_BIT_CONVERSION = YES;
				GCC_WARN_ABOUT_RETURN_TYPE = YES_ERROR;
				GCC_WARN_UNDECLARED_SELECTOR = YES;
				GCC_WARN_UNINITIALIZED_AUTOS = YES_AGGRESSIVE;
				GCC_WARN_UNUSED_FUNCTION = YES;
				GCC_WARN_UNUSED_VARIABLE = YES;
				HEADER_SEARCH_PATHS = (
					../../include,
					../../include/ThirdParty,
				);
				INFOPLIST_FILE = Info.plist;
				LD_RUNPATH_SEARCH_PATHS = "$(inherited) @executable_path/../Frameworks";
				LIBRARY_SEARCH_PATHS = (
					../../lib/macOS,
					../../lib/macOS/boost,
					../../lib/macOS/freetype,
					../../lib/macOS/harfbuzz,
					../../lib/macOS/libgif,
					"../../lib/macOS/libjpeg-turbo",
					../../lib/macOS/libogg,
					../../lib/macOS/libpng,
					../../lib/macOS/libtiff,
					../../lib/macOS/libvorbis,
					../../lib/macOS/libwebp,
					../../lib/macOS/opencv,
					../../lib/macOS/opus,
					../../lib/macOS/zlib,
				);
				MACOSX_DEPLOYMENT_TARGET = 10.15;
				MTL_ENABLE_DEBUG_INFO = YES;
				ONLY_ACTIVE_ARCH = YES;
				OTHER_CPLUSPLUSFLAGS = (
					"$(OTHER_CFLAGS)",
					"-fvisibility=hidden",
				);
				PRODUCT_BUNDLE_IDENTIFIER = siv3d.sylife;
				PRODUCT_NAME = "$(TARGET_NAME)";
				SDKROOT = macosx;
				WARNING_CFLAGS = (
					"-Wall",
					"-Wextra",
					"-Wno-unknown-pragmas",
				);
			};
			name = Debug;
		};
		2C1778951CE0A9EA00BB8AD0 /* Release */ = {
			isa = XCBuildConfiguration;
			buildSettings = {
				ALWAYS_SEARCH_USER_PATHS = NO;
				ASSETCATALOG_COMPILER_APPICON_NAME = AppIcon;
				CLANG_ANALYZER_NONNULL = YES;
				CLANG_CXX_LANGUAGE_STANDARD = "c++2a";
				CLANG_CXX_LIBRARY = "libc++";
				CLANG_ENABLE_MODULES = YES;
				CLANG_ENABLE_OBJC_ARC = YES;
				CLANG_WARN_BOOL_CONVERSION = YES;
				CLANG_WARN_CONSTANT_CONVERSION = YES;
				CLANG_WARN_DIRECT_OBJC_ISA_USAGE = YES_ERROR;
				CLANG_WARN_EMPTY_BODY = YES;
				CLANG_WARN_ENUM_CONVERSION = YES;
				CLANG_WARN_INT_CONVERSION = YES;
				CLANG_WARN_OBJC_ROOT_CLASS = YES_ERROR;
				CLANG_WARN_UNREACHABLE_CODE = YES;
				CLANG_WARN__DUPLICATE_METHOD_MATCH = YES;
				CODE_SIGN_IDENTITY = "-";
				COMBINE_HIDPI_IMAGES = YES;
				CONFIGURATION_BUILD_DIR = "$(SRCROOT)/App/";
				COPY_PHASE_STRIP = NO;
				DEBUG_INFORMATION_FORMAT = "dwarf-with-dsym";
				ENABLE_NS_ASSERTIONS = NO;
				ENABLE_STRICT_OBJC_MSGSEND = YES;
				EXCLUDED_ARCHS = arm64;
				GCC_C_LANGUAGE_STANDARD = gnu99;
				GCC_NO_COMMON_BLOCKS = YES;
				GCC_SYMBOLS_PRIVATE_EXTERN = YES;
				GCC_WARN_64_TO_32_BIT_CONVERSION = YES;
				GCC_WARN_ABOUT_RETURN_TYPE = YES_ERROR;
				GCC_WARN_UNDECLARED_SELECTOR = YES;
				GCC_WARN_UNINITIALIZED_AUTOS = YES_AGGRESSIVE;
				GCC_WARN_UNUSED_FUNCTION = YES;
				GCC_WARN_UNUSED_VARIABLE = YES;
				HEADER_SEARCH_PATHS = (
					../../include,
					../../include/ThirdParty,
				);
				INFOPLIST_FILE = Info.plist;
				LD_RUNPATH_SEARCH_PATHS = "$(inherited) @executable_path/../Frameworks";
				LIBRARY_SEARCH_PATHS = (
					../../lib/macOS,
					../../lib/macOS/boost,
					../../lib/macOS/freetype,
					../../lib/macOS/harfbuzz,
					../../lib/macOS/libgif,
					"../../lib/macOS/libjpeg-turbo",
					../../lib/macOS/libogg,
					../../lib/macOS/libpng,
					../../lib/macOS/libtiff,
					../../lib/macOS/libvorbis,
					../../lib/macOS/libwebp,
					../../lib/macOS/opencv,
					../../lib/macOS/opus,
					../../lib/macOS/zlib,
				);
				MACOSX_DEPLOYMENT_TARGET = 10.15;
				MTL_ENABLE_DEBUG_INFO = NO;
				ONLY_ACTIVE_ARCH = YES;
				OTHER_CPLUSPLUSFLAGS = (
					"$(OTHER_CFLAGS)",
					"-fvisibility=hidden",
				);
				PRODUCT_BUNDLE_IDENTIFIER = siv3d.sylife;
				PRODUCT_NAME = "$(TARGET_NAME)";
				SDKROOT = macosx;
				WARNING_CFLAGS = (
					"-Wall",
					"-Wextra",
					"-Wno-unknown-pragmas",
				);
			};
			name = Release;
		};
/* End XCBuildConfiguration section */

/* Begin XCConfigurationList section */
		2C17787D1CE0A9D800BB8AD0 /* Build configuration list for PBXProject "SyLife" */ = {
			isa = XCConfigurationList;
			buildConfigurations = (
				2C17787E1CE0A9D800BB8AD0 /* Debug */,
				2C17787F1CE0A9D800BB8AD0 /* Release */,
			);
			defaultConfigurationIsVisible = 0;
			defaultConfigurationName = Release;
		};
		2C1778931CE0A9EA00BB8AD0 /* Build configuration list for PBXNativeTarget "SyLife" */ = {
			isa = XCConfigurationList;
			buildConfigurations = (
				2C1778941CE0A9EA00BB8AD0 /* Debug */,
				2C1778951CE0A9EA00BB8AD0 /* Release */,
			);
			defaultConfigurationIsVisible = 0;
			defaultConfigurationName = Release;
		};
/* End XCConfigurationList section */
	};
	rootObject = 2C17787A1CE0A9D800BB8AD0 /* Project object */;
}
