
Microsoft Visual Studio Solution File, Format Version 12.00
# Visual Studio 15
VisualStudioVersion = 15.0.28307.572
MinimumVisualStudioVersion = 10.0.40219.1
Project("{8BC9CEB8-8B4A-11D0-8D11-00A0C91BC942}") = "SyLife", "SyLife\SyLife.vcxproj", "{5AA7E27D-7F71-4485-8453-C58EB1601735}"
EndProject
Project("{8BC9CEB8-8B4A-11D0-8D11-00A0C91BC942}") = "Editor", "Editor\Editor.vcxproj", "{11F23E21-88ED-4DD3-A724-808EC0C0AB6D}"
EndProject
Global
	GlobalSection(SolutionConfigurationPlatforms) = preSolution
		Debug|x64 = Debug|x64
		Debug|x86 = Debug|x86
		Release|x64 = Release|x64
		Release|x86 = Release|x86
	EndGlobalSection
	GlobalSection(ProjectConfigurationPlatforms) = postSolution
		{5AA7E27D-7F71-4485-8453-C58EB1601735}.Debug|x64.ActiveCfg = Debug|x64
		{5AA7E27D-7F71-4485-8453-C58EB1601735}.Debug|x64.Build.0 = Debug|x64
		{5AA7E27D-7F71-4485-8453-C58EB1601735}.Debug|x86.ActiveCfg = Debug|Win32
		{5AA7E27D-7F71-4485-8453-C58EB1601735}.Debug|x86.Build.0 = Debug|Win32
		{5AA7E27D-7F71-4485-8453-C58EB1601735}.Release|x64.ActiveCfg = Release|x64
		{5AA7E27D-7F71-4485-8453-C58EB1601735}.Release|x64.Build.0 = Release|x64
		{5AA7E27D-7F71-4485-8453-C58EB1601735}.Release|x86.ActiveCfg = Release|Win32
		{5AA7E27D-7F71-4485-8453-C58EB1601735}.Release|x86.Build.0 = Release|Win32
		{11F23E21-88ED-4DD3-A724-808EC0C0AB6D}.Debug|x64.ActiveCfg = Debug|x64
		{11F23E21-88ED-4DD3-A724-808EC0C0AB6D}.Debug|x64.Build.0 = Debug|x64
		{11F23E21-88ED-4DD3-A724-808EC0C0AB6D}.Debug|x86.ActiveCfg = Debug|Win32
		{11F23E21-88ED-4DD3-A724-808EC0C0AB6D}.Debug|x86.Build.0 = Debug|Win32
		{11F23E21-88ED-4DD3-A724-808EC0C0AB6D}.Release|x64.ActiveCfg = Release|x64
		{11F23E21-88ED-4DD3-A724-808EC0C0AB6D}.Release|x64.Build.0 = Release|x64
		{11F23E21-88ED-4DD3-A724-808EC0C0AB6D}.Release|x86.ActiveCfg = Release|Win32
		{11F23E21-88ED-4DD3-A724-808EC0C0AB6D}.Release|x86.Build.0 = Release|Win32
	EndGlobalSection
	GlobalSection(SolutionProperties) = preSolution
		HideSolutionNode = FALSE
	EndGlobalSection
	GlobalSection(ExtensibilityGlobals) = postSolution
		SolutionGuid = {CA87EDD9-4CBB-4196-8528-576B43F2A4C0}
	EndGlobalSection
EndGlobal
