
Microsoft Visual Studio Solution File, Format Version 12.00
# Visual Studio Version 16
VisualStudioVersion = 16.0.30114.105
MinimumVisualStudioVersion = 10.0.40219.1
Project("{8BC9CEB8-8B4A-11D0-8D11-00A0C91BC942}") = "SyLife", "SyLife.vcxproj", "{A5E1AB76-71A0-42C7-B3E4-7374C338DE09}"
EndProject
Global
	GlobalSection(SolutionConfigurationPlatforms) = preSolution
		Debug|x64 = Debug|x64
		Release|x64 = Release|x64
	EndGlobalSection
	GlobalSection(ProjectConfigurationPlatforms) = postSolution
		{A5E1AB76-71A0-42C7-B3E4-7374C338DE09}.Debug|x64.ActiveCfg = Debug|x64
		{A5E1AB76-71A0-42C7-B3E4-7374C338DE09}.Debug|x64.Build.0 = Debug|x64
		{A5E1AB76-71A0-42C7-B3E4-7374C338DE09}.Release|x64.ActiveCfg = Release|x64
		{A5E1AB76-71A0-42C7-B3E4-7374C338DE09}.Release|x64.Build.0 = Release|x64
	EndGlobalSection
	GlobalSection(SolutionProperties) = preSolution
		HideSolutionNode = FALSE
	EndGlobalSection
	GlobalSection(ExtensibilityGlobals) = postSolution
		SolutionGuid = {45C75528-364E-47B9-8751-DC4B7E7734A2}
	EndGlobalSection
EndGlobal
